
Microsoft Visual Studio Solution File, Format Version 12.00
# Visual Studio 15
VisualStudioVersion = 15.0.28307.705
MinimumVisualStudioVersion = 10.0.40219.1
Project("{FAE04EC0-301F-11D3-BF4B-00C04F79EFBC}") = "EjercicioPictureBox", "EjercicioPictureBox\EjercicioPictureBox.csproj", "{374F6997-EFE0-4051-B68B-557CAC07A4BC}"
EndProject
Global
	GlobalSection(SolutionConfigurationPlatforms) = preSolution
		Debug|Any CPU = Debug|Any CPU
		Release|Any CPU = Release|Any CPU
	EndGlobalSection
	GlobalSection(ProjectConfigurationPlatforms) = postSolution
		{374F6997-EFE0-4051-B68B-557CAC07A4BC}.Debug|Any CPU.ActiveCfg = Debug|Any CPU
		{374F6997-EFE0-4051-B68B-557CAC07A4BC}.Debug|Any CPU.Build.0 = Debug|Any CPU
		{374F6997-EFE0-4051-B68B-557CAC07A4BC}.Release|Any CPU.ActiveCfg = Release|Any CPU
		{374F6997-EFE0-4051-B68B-557CAC07A4BC}.Release|Any CPU.Build.0 = Release|Any CPU
	EndGlobalSection
	GlobalSection(SolutionProperties) = preSolution
		HideSolutionNode = FALSE
	EndGlobalSection
	GlobalSection(ExtensibilityGlobals) = postSolution
		SolutionGuid = {233B375F-73F4-4A42-82D5-1BFC7EF9B64F}
	EndGlobalSection
EndGlobal
